
Microsoft Visual Studio Solution File, Format Version 12.00
Project("{FAE04EC0-301F-11D3-BF4B-00C04F79EFBC}") = "Maschinen", "Maschinen\Maschinen.csproj", "{43A13640-3EC4-414C-99A1-F07F9E64D7EC}"
EndProject
Global
	GlobalSection(SolutionConfigurationPlatforms) = preSolution
		Debug|Any CPU = Debug|Any CPU
		Release|Any CPU = Release|Any CPU
	EndGlobalSection
	GlobalSection(ProjectConfigurationPlatforms) = postSolution
		{43A13640-3EC4-414C-99A1-F07F9E64D7EC}.Debug|Any CPU.ActiveCfg = Debug|Any CPU
		{43A13640-3EC4-414C-99A1-F07F9E64D7EC}.Debug|Any CPU.Build.0 = Debug|Any CPU
		{43A13640-3EC4-414C-99A1-F07F9E64D7EC}.Release|Any CPU.ActiveCfg = Release|Any CPU
		{43A13640-3EC4-414C-99A1-F07F9E64D7EC}.Release|Any CPU.Build.0 = Release|Any CPU
	EndGlobalSection
EndGlobal
